
Microsoft Visual Studio Solution File, Format Version 12.00
# Visual Studio Version 17
VisualStudioVersion = 17.8.34316.72
MinimumVisualStudioVersion = 10.0.40219.1
Project("{9A19103F-16F7-4668-BE54-9A1E7A4F7556}") = "RoomReservationServer", "RoomReservationServer\RoomReservationServer.csproj", "{E555A40A-D0C4-4DFB-A34F-E96D52881CCD}"
EndProject
Project("{9A19103F-16F7-4668-BE54-9A1E7A4F7556}") = "Contracts", "Contracts\Contracts.csproj", "{D1038252-55C7-4D70-96D4-BC94915B7C1B}"
EndProject
Project("{9A19103F-16F7-4668-BE54-9A1E7A4F7556}") = "LoggerService", "LoggerService\LoggerService.csproj", "{BF274512-0913-4F20-8AFC-403E6CD7BD37}"
EndProject
Project("{9A19103F-16F7-4668-BE54-9A1E7A4F7556}") = "Entities", "Entities\Entities.csproj", "{C0709206-C1C4-4FED-AEBC-9CAF29BE779A}"
EndProject
Project("{9A19103F-16F7-4668-BE54-9A1E7A4F7556}") = "Repository", "Repository\Repository.csproj", "{5C1A2CD4-C77D-4583-9006-0EE7C66DDDB8}"
EndProject
Project("{FAE04EC0-301F-11D3-BF4B-00C04F79EFBC}") = "EmailService", "EmailService\EmailService.csproj", "{FB918141-2288-48C0-89C3-F65B2846286D}"
EndProject
Global
	GlobalSection(SolutionConfigurationPlatforms) = preSolution
		Debug|Any CPU = Debug|Any CPU
		Release|Any CPU = Release|Any CPU
	EndGlobalSection
	GlobalSection(ProjectConfigurationPlatforms) = postSolution
		{E555A40A-D0C4-4DFB-A34F-E96D52881CCD}.Debug|Any CPU.ActiveCfg = Debug|Any CPU
		{E555A40A-D0C4-4DFB-A34F-E96D52881CCD}.Debug|Any CPU.Build.0 = Debug|Any CPU
		{E555A40A-D0C4-4DFB-A34F-E96D52881CCD}.Release|Any CPU.ActiveCfg = Release|Any CPU
		{E555A40A-D0C4-4DFB-A34F-E96D52881CCD}.Release|Any CPU.Build.0 = Release|Any CPU
		{D1038252-55C7-4D70-96D4-BC94915B7C1B}.Debug|Any CPU.ActiveCfg = Debug|Any CPU
		{D1038252-55C7-4D70-96D4-BC94915B7C1B}.Debug|Any CPU.Build.0 = Debug|Any CPU
		{D1038252-55C7-4D70-96D4-BC94915B7C1B}.Release|Any CPU.ActiveCfg = Release|Any CPU
		{D1038252-55C7-4D70-96D4-BC94915B7C1B}.Release|Any CPU.Build.0 = Release|Any CPU
		{BF274512-0913-4F20-8AFC-403E6CD7BD37}.Debug|Any CPU.ActiveCfg = Debug|Any CPU
		{BF274512-0913-4F20-8AFC-403E6CD7BD37}.Debug|Any CPU.Build.0 = Debug|Any CPU
		{BF274512-0913-4F20-8AFC-403E6CD7BD37}.Release|Any CPU.ActiveCfg = Release|Any CPU
		{BF274512-0913-4F20-8AFC-403E6CD7BD37}.Release|Any CPU.Build.0 = Release|Any CPU
		{C0709206-C1C4-4FED-AEBC-9CAF29BE779A}.Debug|Any CPU.ActiveCfg = Debug|Any CPU
		{C0709206-C1C4-4FED-AEBC-9CAF29BE779A}.Debug|Any CPU.Build.0 = Debug|Any CPU
		{C0709206-C1C4-4FED-AEBC-9CAF29BE779A}.Release|Any CPU.ActiveCfg = Release|Any CPU
		{C0709206-C1C4-4FED-AEBC-9CAF29BE779A}.Release|Any CPU.Build.0 = Release|Any CPU
		{5C1A2CD4-C77D-4583-9006-0EE7C66DDDB8}.Debug|Any CPU.ActiveCfg = Debug|Any CPU
		{5C1A2CD4-C77D-4583-9006-0EE7C66DDDB8}.Debug|Any CPU.Build.0 = Debug|Any CPU
		{5C1A2CD4-C77D-4583-9006-0EE7C66DDDB8}.Release|Any CPU.ActiveCfg = Release|Any CPU
		{5C1A2CD4-C77D-4583-9006-0EE7C66DDDB8}.Release|Any CPU.Build.0 = Release|Any CPU
		{FB918141-2288-48C0-89C3-F65B2846286D}.Debug|Any CPU.ActiveCfg = Debug|Any CPU
		{FB918141-2288-48C0-89C3-F65B2846286D}.Debug|Any CPU.Build.0 = Debug|Any CPU
		{FB918141-2288-48C0-89C3-F65B2846286D}.Release|Any CPU.ActiveCfg = Release|Any CPU
		{FB918141-2288-48C0-89C3-F65B2846286D}.Release|Any CPU.Build.0 = Release|Any CPU
	EndGlobalSection
	GlobalSection(SolutionProperties) = preSolution
		HideSolutionNode = FALSE
	EndGlobalSection
	GlobalSection(ExtensibilityGlobals) = postSolution
		SolutionGuid = {1431F0B7-BECD-472D-9FE0-C15DB524652A}
	EndGlobalSection
EndGlobal
